PODS:
  - Alamofire (4.3.0)
  - Moya/Core (8.0.2):
    - Alamofire (~> 4.1)
    - Result (~> 3.0)
  - Moya/RxSwift (8.0.2):
    - Moya/Core
    - RxSwift (~> 3.0)
  - NSObject+Rx (2.0.0):
    - RxSwift
  - Result (3.1.0)
  - RxCocoa (3.0.1):
    - RxSwift (~> 3.0)
  - RxSwift (3.2.0)
  - RxSwiftExt (2.1.0):
    - RxSwift (~> 3.0)

DEPENDENCIES:
  - Moya/RxSwift (= 8.0.2)
  - NSObject+Rx (= 2.0.0)
  - RxCocoa (= 3.0.1)
  - RxSwiftExt (= 2.1.0)

SPEC CHECKSUMS:
  Alamofire: 856a113053a7bc9cbe5d6367a555d773fc5cfef7
  Moya: 47f61da5b634aa71f676431b64ee0f81e976296d
  NSObject+Rx: 2a9cd801d9c847e6d2486cbad8d7701b67834e70
  Result: 4e3ed5995ed94d0cd6a09be9a431fce3f3624bbf
  RxCocoa: 15a52fc590dcc700cb4a690a633b5c5184ce3a78
  RxSwift: 46574f70d416b7923c237195939cc488a7fbf3a0
  RxSwiftExt: 492a6575cf6afabb8feeed3204bd0f9e2c695e67

PODFILE CHECKSUM: 3f13bb1e30f15a163d64f7a9a92b096bbd1a070b

COCOAPODS: 1.1.1
