// !$*UTF8*$!
{
	archiveVersion = 1;
	classes = {
	};
	objectVersion = 46;
	objects = {

/* Begin PBXBuildFile section */
		225C11501E54EEEC00062B2A /* LoginViewControllerSpec.swift in Sources */ = {isa = PBXBuildFile; fileRef = 225C114F1E54EEEC00062B2A /* LoginViewControllerSpec.swift */; };
		225C11521E54F03900062B2A /* UIViewControllerExtensions.swift in Sources */ = {isa = PBXBuildFile; fileRef = 225C11511E54F03900062B2A /* UIViewControllerExtensions.swift */; };
		225C11541E54FDAC00062B2A /* FormSpec.swift in Sources */ = {isa = PBXBuildFile; fileRef = 225C11531E54FDAC00062B2A /* FormSpec.swift */; };
		225C11561E54FECE00062B2A /* Sequence+Exten.swift in Sources */ = {isa = PBXBuildFile; fileRef = 225C11551E54FECE00062B2A /* Sequence+Exten.swift */; };
		225C11581E5548CC00062B2A /* Register_Sample_Data.json in Resources */ = {isa = PBXBuildFile; fileRef = 225C11571E5548CC00062B2A /* Register_Sample_Data.json */; };
		225C115F1E554BF700062B2A /* RegisterForm.swift in Sources */ = {isa = PBXBuildFile; fileRef = 225C115E1E554BF700062B2A /* RegisterForm.swift */; };
		225C11611E554CBD00062B2A /* TextValidator.swift in Sources */ = {isa = PBXBuildFile; fileRef = 225C11601E554CBD00062B2A /* TextValidator.swift */; };
		225C11631E554D6400062B2A /* TextValidatorSpec.swift in Sources */ = {isa = PBXBuildFile; fileRef = 225C11621E554D6400062B2A /* TextValidatorSpec.swift */; };
		225C11651E55549300062B2A /* FormRepresentable.swift in Sources */ = {isa = PBXBuildFile; fileRef = 225C11641E55549300062B2A /* FormRepresentable.swift */; };
		2260A8A21E54B58E0083D59E /* EmailValidatorSpec.swift in Sources */ = {isa = PBXBuildFile; fileRef = 2260A8A11E54B58E0083D59E /* EmailValidatorSpec.swift */; };
		2260A8A41E54B78E0083D59E /* ValidatorRepresentable.swift in Sources */ = {isa = PBXBuildFile; fileRef = 2260A8A31E54B78E0083D59E /* ValidatorRepresentable.swift */; };
		2260A8A61E54B7D00083D59E /* EmailValidator.swift in Sources */ = {isa = PBXBuildFile; fileRef = 2260A8A51E54B7D00083D59E /* EmailValidator.swift */; };
		2260A8A81E54BA750083D59E /* PasswordValidator.swift in Sources */ = {isa = PBXBuildFile; fileRef = 2260A8A71E54BA750083D59E /* PasswordValidator.swift */; };
		2260A8AA1E54BA980083D59E /* PasswordValidatorSpec.swift in Sources */ = {isa = PBXBuildFile; fileRef = 2260A8A91E54BA980083D59E /* PasswordValidatorSpec.swift */; };
		2260A8AD1E54C30F0083D59E /* LoginViewController.swift in Sources */ = {isa = PBXBuildFile; fileRef = 2260A8AB1E54C30F0083D59E /* LoginViewController.swift */; };
		2260A8AE1E54C30F0083D59E /* LoginViewModel.swift in Sources */ = {isa = PBXBuildFile; fileRef = 2260A8AC1E54C30F0083D59E /* LoginViewModel.swift */; };
		2260A8B01E54C31D0083D59E /* FieldCell.swift in Sources */ = {isa = PBXBuildFile; fileRef = 2260A8AF1E54C31D0083D59E /* FieldCell.swift */; };
		2260A8B21E54C4070083D59E /* Field.swift in Sources */ = {isa = PBXBuildFile; fileRef = 2260A8B11E54C4070083D59E /* Field.swift */; };
		2260A8B41E54C4280083D59E /* LoginForm.swift in Sources */ = {isa = PBXBuildFile; fileRef = 2260A8B31E54C4280083D59E /* LoginForm.swift */; };
		2260A8B61E54C4E70083D59E /* OraAPI.swift in Sources */ = {isa = PBXBuildFile; fileRef = 2260A8B51E54C4E70083D59E /* OraAPI.swift */; };
		2260A8B81E54C7060083D59E /* Login_Sample_Data.json in Resources */ = {isa = PBXBuildFile; fileRef = 2260A8B71E54C7060083D59E /* Login_Sample_Data.json */; };
		22CA52171E52A0BF00038A12 /* AppDelegate.swift in Sources */ = {isa = PBXBuildFile; fileRef = 22CA52161E52A0BF00038A12 /* AppDelegate.swift */; };
		22CA521C1E52A0BF00038A12 /* Main.storyboard in Resources */ = {isa = PBXBuildFile; fileRef = 22CA521A1E52A0BF00038A12 /* Main.storyboard */; };
		22CA521E1E52A0BF00038A12 /* Assets.xcassets in Resources */ = {isa = PBXBuildFile; fileRef = 22CA521D1E52A0BF00038A12 /* Assets.xcassets */; };
		22CA52211E52A0BF00038A12 /* LaunchScreen.storyboard in Resources */ = {isa = PBXBuildFile; fileRef = 22CA521F1E52A0BF00038A12 /* LaunchScreen.storyboard */; };
		22CA525E1E538B6800038A12 /* SplashViewController.swift in Sources */ = {isa = PBXBuildFile; fileRef = 22CA525D1E538B6800038A12 /* SplashViewController.swift */; };
		22CA52601E5393DC00038A12 /* AuthenticationToken.swift in Sources */ = {isa = PBXBuildFile; fileRef = 22CA525F1E5393DC00038A12 /* AuthenticationToken.swift */; };
		22CA52621E53AB2000038A12 /* AuthenticationTokenSpec.swift in Sources */ = {isa = PBXBuildFile; fileRef = 22CA52611E53AB2000038A12 /* AuthenticationTokenSpec.swift */; };
		22CA52651E53B09700038A12 /* R.generated.swift in Sources */ = {isa = PBXBuildFile; fileRef = 22CA52641E53B09700038A12 /* R.generated.swift */; };
		D98D0D69AD7DE656E4767D32 /* Pods_OraCC.framework in Frameworks */ = {isa = PBXBuildFile; fileRef = 7B1EBBC2FC269FD96C897D5D /* Pods_OraCC.framework */; };
		EE1A240FF361B70FA5627530 /* Pods_OraCCTests.framework in Frameworks */ = {isa = PBXBuildFile; fileRef = 88B7E9F210CE710F6A18265A /* Pods_OraCCTests.framework */; };
/* End PBXBuildFile section */

/* Begin PBXContainerItemProxy section */
		22CA52281E52A0BF00038A12 /* PBXContainerItemProxy */ = {
			isa = PBXContainerItemProxy;
			containerPortal = 22CA520B1E52A0BF00038A12 /* Project object */;
			proxyType = 1;
			remoteGlobalIDString = 22CA52121E52A0BF00038A12;
			remoteInfo = OraCC;
		};
/* End PBXContainerItemProxy section */

/* Begin PBXFileReference section */
		04D5AF771864B6B2E23AE213 /* Pods-OraCC.release.xcconfig */ = {isa = PBXFileReference; includeInIndex = 1; lastKnownFileType = text.xcconfig; name = "Pods-OraCC.release.xcconfig"; path = "Pods/Target Support Files/Pods-OraCC/Pods-OraCC.release.xcconfig"; sourceTree = "<group>"; };
		219B83EC6E3CC8DB7BF1FB13 /* Pods-OraCCTests.release.xcconfig */ = {isa = PBXFileReference; includeInIndex = 1; lastKnownFileType = text.xcconfig; name = "Pods-OraCCTests.release.xcconfig"; path = "Pods/Target Support Files/Pods-OraCCTests/Pods-OraCCTests.release.xcconfig"; sourceTree = "<group>"; };
		225C114F1E54EEEC00062B2A /* LoginViewControllerSpec.swift */ = {isa = PBXFileReference; fileEncoding = 4; lastKnownFileType = sourcecode.swift; path = LoginViewControllerSpec.swift; sourceTree = "<group>"; };
		225C11511E54F03900062B2A /* UIViewControllerExtensions.swift */ = {isa = PBXFileReference; fileEncoding = 4; lastKnownFileType = sourcecode.swift; path = UIViewControllerExtensions.swift; sourceTree = "<group>"; };
		225C11531E54FDAC00062B2A /* FormSpec.swift */ = {isa = PBXFileReference; fileEncoding = 4; lastKnownFileType = sourcecode.swift; path = FormSpec.swift; sourceTree = "<group>"; };
		225C11551E54FECE00062B2A /* Sequence+Exten.swift */ = {isa = PBXFileReference; fileEncoding = 4; lastKnownFileType = sourcecode.swift; path = "Sequence+Exten.swift"; sourceTree = "<group>"; };
		225C11571E5548CC00062B2A /* Register_Sample_Data.json */ = {isa = PBXFileReference; fileEncoding = 4; lastKnownFileType = text.json; path = Register_Sample_Data.json; sourceTree = "<group>"; };
		225C115E1E554BF700062B2A /* RegisterForm.swift */ = {isa = PBXFileReference; fileEncoding = 4; lastKnownFileType = sourcecode.swift; path = RegisterForm.swift; sourceTree = "<group>"; };
		225C11601E554CBD00062B2A /* TextValidator.swift */ = {isa = PBXFileReference; fileEncoding = 4; lastKnownFileType = sourcecode.swift; path = TextValidator.swift; sourceTree = "<group>"; };
		225C11621E554D6400062B2A /* TextValidatorSpec.swift */ = {isa = PBXFileReference; fileEncoding = 4; lastKnownFileType = sourcecode.swift; path = TextValidatorSpec.swift; sourceTree = "<group>"; };
		225C11641E55549300062B2A /* FormRepresentable.swift */ = {isa = PBXFileReference; fileEncoding = 4; lastKnownFileType = sourcecode.swift; path = FormRepresentable.swift; sourceTree = "<group>"; };
		2260A8A11E54B58E0083D59E /* EmailValidatorSpec.swift */ = {isa = PBXFileReference; fileEncoding = 4; lastKnownFileType = sourcecode.swift; path = EmailValidatorSpec.swift; sourceTree = "<group>"; };
		2260A8A31E54B78E0083D59E /* ValidatorRepresentable.swift */ = {isa = PBXFileReference; fileEncoding = 4; lastKnownFileType = sourcecode.swift; path = ValidatorRepresentable.swift; sourceTree = "<group>"; };
		2260A8A51E54B7D00083D59E /* EmailValidator.swift */ = {isa = PBXFileReference; fileEncoding = 4; lastKnownFileType = sourcecode.swift; path = EmailValidator.swift; sourceTree = "<group>"; };
		2260A8A71E54BA750083D59E /* PasswordValidator.swift */ = {isa = PBXFileReference; fileEncoding = 4; lastKnownFileType = sourcecode.swift; path = PasswordValidator.swift; sourceTree = "<group>"; };
		2260A8A91E54BA980083D59E /* PasswordValidatorSpec.swift */ = {isa = PBXFileReference; fileEncoding = 4; lastKnownFileType = sourcecode.swift; path = PasswordValidatorSpec.swift; sourceTree = "<group>"; };
		2260A8AB1E54C30F0083D59E /* LoginViewController.swift */ = {isa = PBXFileReference; fileEncoding = 4; lastKnownFileType = sourcecode.swift; path = LoginViewController.swift; sourceTree = "<group>"; };
		2260A8AC1E54C30F0083D59E /* LoginViewModel.swift */ = {isa = PBXFileReference; fileEncoding = 4; lastKnownFileType = sourcecode.swift; path = LoginViewModel.swift; sourceTree = "<group>"; };
		2260A8AF1E54C31D0083D59E /* FieldCell.swift */ = {isa = PBXFileReference; fileEncoding = 4; lastKnownFileType = sourcecode.swift; path = FieldCell.swift; sourceTree = "<group>"; };
		2260A8B11E54C4070083D59E /* Field.swift */ = {isa = PBXFileReference; fileEncoding = 4; lastKnownFileType = sourcecode.swift; path = Field.swift; sourceTree = "<group>"; };
		2260A8B31E54C4280083D59E /* LoginForm.swift */ = {isa = PBXFileReference; fileEncoding = 4; lastKnownFileType = sourcecode.swift; path = LoginForm.swift; sourceTree = "<group>"; };
		2260A8B51E54C4E70083D59E /* OraAPI.swift */ = {isa = PBXFileReference; fileEncoding = 4; lastKnownFileType = sourcecode.swift; path = OraAPI.swift; sourceTree = "<group>"; };
		2260A8B71E54C7060083D59E /* Login_Sample_Data.json */ = {isa = PBXFileReference; fileEncoding = 4; lastKnownFileType = text.json; path = Login_Sample_Data.json; sourceTree = "<group>"; };
		22CA52131E52A0BF00038A12 /* OraCC.app */ = {isa = PBXFileReference; explicitFileType = wrapper.application; includeInIndex = 0; path = OraCC.app; sourceTree = BUILT_PRODUCTS_DIR; };
		22CA52161E52A0BF00038A12 /* AppDelegate.swift */ = {isa = PBXFileReference; lastKnownFileType = sourcecode.swift; path = AppDelegate.swift; sourceTree = "<group>"; };
		22CA521B1E52A0BF00038A12 /* Base */ = {isa = PBXFileReference; lastKnownFileType = file.storyboard; name = Base; path = Base.lproj/Main.storyboard; sourceTree = "<group>"; };
		22CA521D1E52A0BF00038A12 /* Assets.xcassets */ = {isa = PBXFileReference; lastKnownFileType = folder.assetcatalog; path = Assets.xcassets; sourceTree = "<group>"; };
		22CA52201E52A0BF00038A12 /* Base */ = {isa = PBXFileReference; lastKnownFileType = file.storyboard; name = Base; path = Base.lproj/LaunchScreen.storyboard; sourceTree = "<group>"; };
		22CA52221E52A0BF00038A12 /* Info.plist */ = {isa = PBXFileReference; lastKnownFileType = text.plist.xml; path = Info.plist; sourceTree = "<group>"; };
		22CA52271E52A0BF00038A12 /* OraCCTests.xctest */ = {isa = PBXFileReference; explicitFileType = wrapper.cfbundle; includeInIndex = 0; path = OraCCTests.xctest; sourceTree = BUILT_PRODUCTS_DIR; };
		22CA522D1E52A0BF00038A12 /* Info.plist */ = {isa = PBXFileReference; lastKnownFileType = text.plist.xml; path = Info.plist; sourceTree = "<group>"; };
		22CA525D1E538B6800038A12 /* SplashViewController.swift */ = {isa = PBXFileReference; fileEncoding = 4; lastKnownFileType = sourcecode.swift; path = SplashViewController.swift; sourceTree = "<group>"; };
		22CA525F1E5393DC00038A12 /* AuthenticationToken.swift */ = {isa = PBXFileReference; fileEncoding = 4; lastKnownFileType = sourcecode.swift; path = AuthenticationToken.swift; sourceTree = "<group>"; };
		22CA52611E53AB2000038A12 /* AuthenticationTokenSpec.swift */ = {isa = PBXFileReference; fileEncoding = 4; lastKnownFileType = sourcecode.swift; path = AuthenticationTokenSpec.swift; sourceTree = "<group>"; };
		22CA52641E53B09700038A12 /* R.generated.swift */ = {isa = PBXFileReference; fileEncoding = 4; lastKnownFileType = sourcecode.swift; path = R.generated.swift; sourceTree = SOURCE_ROOT; };
		42BA950D781316503C1DCEFE /* Pods-OraCC.debug.xcconfig */ = {isa = PBXFileReference; includeInIndex = 1; lastKnownFileType = text.xcconfig; name = "Pods-OraCC.debug.xcconfig"; path = "Pods/Target Support Files/Pods-OraCC/Pods-OraCC.debug.xcconfig"; sourceTree = "<group>"; };
		7B1EBBC2FC269FD96C897D5D /* Pods_OraCC.framework */ = {isa = PBXFileReference; explicitFileType = wrapper.framework; includeInIndex = 0; path = Pods_OraCC.framework; sourceTree = BUILT_PRODUCTS_DIR; };
		88B7E9F210CE710F6A18265A /* Pods_OraCCTests.framework */ = {isa = PBXFileReference; explicitFileType = wrapper.framework; includeInIndex = 0; path = Pods_OraCCTests.framework; sourceTree = BUILT_PRODUCTS_DIR; };
		C933230ECA6BE5D5522E6621 /* Pods-OraCCTests.debug.xcconfig */ = {isa = PBXFileReference; includeInIndex = 1; lastKnownFileType = text.xcconfig; name = "Pods-OraCCTests.debug.xcconfig"; path = "Pods/Target Support Files/Pods-OraCCTests/Pods-OraCCTests.debug.xcconfig"; sourceTree = "<group>"; };
/* End PBXFileReference section */

/* Begin PBXFrameworksBuildPhase section */
		22CA52101E52A0BF00038A12 /* Frameworks */ = {
			isa = PBXFrameworksBuildPhase;
			buildActionMask = 2147483647;
			files = (
				D98D0D69AD7DE656E4767D32 /* Pods_OraCC.framework in Frameworks */,
			);
			runOnlyForDeploymentPostprocessing = 0;
		};
		22CA52241E52A0BF00038A12 /* Frameworks */ = {
			isa = PBXFrameworksBuildPhase;
			buildActionMask = 2147483647;
			files = (
				EE1A240FF361B70FA5627530 /* Pods_OraCCTests.framework in Frameworks */,
			);
			runOnlyForDeploymentPostprocessing = 0;
		};
/* End PBXFrameworksBuildPhase section */

/* Begin PBXGroup section */
		16471D55A56709B60D49C70F /* Pods */ = {
			isa = PBXGroup;
			children = (
				42BA950D781316503C1DCEFE /* Pods-OraCC.debug.xcconfig */,
				04D5AF771864B6B2E23AE213 /* Pods-OraCC.release.xcconfig */,
				C933230ECA6BE5D5522E6621 /* Pods-OraCCTests.debug.xcconfig */,
				219B83EC6E3CC8DB7BF1FB13 /* Pods-OraCCTests.release.xcconfig */,
			);
			name = Pods;
			sourceTree = "<group>";
		};
		225C11591E554A9700062B2A /* Validators */ = {
			isa = PBXGroup;
			children = (
				2260A8A31E54B78E0083D59E /* ValidatorRepresentable.swift */,
				2260A8A51E54B7D00083D59E /* EmailValidator.swift */,
				2260A8A71E54BA750083D59E /* PasswordValidator.swift */,
				225C11601E554CBD00062B2A /* TextValidator.swift */,
			);
			name = Validators;
			sourceTree = "<group>";
		};
		225C115A1E554AB500062B2A /* Extensions */ = {
			isa = PBXGroup;
			children = (
				225C11551E54FECE00062B2A /* Sequence+Exten.swift */,
				225C11511E54F03900062B2A /* UIViewControllerExtensions.swift */,
			);
			name = Extensions;
			sourceTree = "<group>";
		};
		225C115B1E554ACE00062B2A /* ViewModels */ = {
			isa = PBXGroup;
			children = (
				2260A8AC1E54C30F0083D59E /* LoginViewModel.swift */,
			);
			name = ViewModels;
			sourceTree = "<group>";
		};
		225C115C1E554B0F00062B2A /* Sample Data */ = {
			isa = PBXGroup;
			children = (
				2260A8B71E54C7060083D59E /* Login_Sample_Data.json */,
				225C11571E5548CC00062B2A /* Register_Sample_Data.json */,
			);
			name = "Sample Data";
			sourceTree = "<group>";
		};
		225C115D1E554B2800062B2A /* Storyboard */ = {
			isa = PBXGroup;
			children = (
				22CA521A1E52A0BF00038A12 /* Main.storyboard */,
				22CA521F1E52A0BF00038A12 /* LaunchScreen.storyboard */,
			);
			name = Storyboard;
			sourceTree = "<group>";
		};
		22CA520A1E52A0BF00038A12 = {
			isa = PBXGroup;
			children = (
				22CA52151E52A0BF00038A12 /* OraCC */,
				22CA522A1E52A0BF00038A12 /* OraCCTests */,
				22CA52141E52A0BF00038A12 /* Products */,
				16471D55A56709B60D49C70F /* Pods */,
				68A1BD1D7B25DD71564BCCE0 /* Frameworks */,
			);
			sourceTree = "<group>";
		};
		22CA52141E52A0BF00038A12 /* Products */ = {
			isa = PBXGroup;
			children = (
				22CA52131E52A0BF00038A12 /* OraCC.app */,
				22CA52271E52A0BF00038A12 /* OraCCTests.xctest */,
			);
			name = Products;
			sourceTree = "<group>";
		};
		22CA52151E52A0BF00038A12 /* OraCC */ = {
			isa = PBXGroup;
			children = (
				22CA52161E52A0BF00038A12 /* AppDelegate.swift */,
				225C115A1E554AB500062B2A /* Extensions */,
				225C11591E554A9700062B2A /* Validators */,
				225C115B1E554ACE00062B2A /* ViewModels */,
				225C115D1E554B2800062B2A /* Storyboard */,
				225C115C1E554B0F00062B2A /* Sample Data */,
				22CA52641E53B09700038A12 /* R.generated.swift */,
				2260A8B51E54C4E70083D59E /* OraAPI.swift */,
				225C11641E55549300062B2A /* FormRepresentable.swift */,
				2260A8B31E54C4280083D59E /* LoginForm.swift */,
				225C115E1E554BF700062B2A /* RegisterForm.swift */,
				2260A8B11E54C4070083D59E /* Field.swift */,
				2260A8AF1E54C31D0083D59E /* FieldCell.swift */,
				2260A8AB1E54C30F0083D59E /* LoginViewController.swift */,
				22CA525D1E538B6800038A12 /* SplashViewController.swift */,
				22CA525F1E5393DC00038A12 /* AuthenticationToken.swift */,
				22CA521D1E52A0BF00038A12 /* Assets.xcassets */,
				22CA52221E52A0BF00038A12 /* Info.plist */,
			);
			path = OraCC;
			sourceTree = "<group>";
		};
		22CA522A1E52A0BF00038A12 /* OraCCTests */ = {
			isa = PBXGroup;
			children = (
				225C11531E54FDAC00062B2A /* FormSpec.swift */,
				225C114F1E54EEEC00062B2A /* LoginViewControllerSpec.swift */,
				2260A8A91E54BA980083D59E /* PasswordValidatorSpec.swift */,
				2260A8A11E54B58E0083D59E /* EmailValidatorSpec.swift */,
				225C11621E554D6400062B2A /* TextValidatorSpec.swift */,
				22CA52611E53AB2000038A12 /* AuthenticationTokenSpec.swift */,
				22CA522D1E52A0BF00038A12 /* Info.plist */,
			);
			path = OraCCTests;
			sourceTree = "<group>";
		};
		68A1BD1D7B25DD71564BCCE0 /* Frameworks */ = {
			isa = PBXGroup;
			children = (
				7B1EBBC2FC269FD96C897D5D /* Pods_OraCC.framework */,
				88B7E9F210CE710F6A18265A /* Pods_OraCCTests.framework */,
			);
			name = Frameworks;
			sourceTree = "<group>";
		};
/* End PBXGroup section */

/* Begin PBXNativeTarget section */
		22CA52121E52A0BF00038A12 /* OraCC */ = {
			isa = PBXNativeTarget;
			buildConfigurationList = 22CA52301E52A0BF00038A12 /* Build configuration list for PBXNativeTarget "OraCC" */;
			buildPhases = (
				4E17F85046162581C1FCAE27 /* [CP] Check Pods Manifest.lock */,
				22CA52631E53B05200038A12 /* r.swift */,
				22CA520F1E52A0BF00038A12 /* Sources */,
				22CA52101E52A0BF00038A12 /* Frameworks */,
				22CA52111E52A0BF00038A12 /* Resources */,
				924859DDBF58C69BAFE12925 /* [CP] Embed Pods Frameworks */,
				2D5FD1E8458EBF2CFF1765DC /* [CP] Copy Pods Resources */,
			);
			buildRules = (
			);
			dependencies = (
			);
			name = OraCC;
			productName = OraCC;
			productReference = 22CA52131E52A0BF00038A12 /* OraCC.app */;
			productType = "com.apple.product-type.application";
		};
		22CA52261E52A0BF00038A12 /* OraCCTests */ = {
			isa = PBXNativeTarget;
			buildConfigurationList = 22CA52331E52A0BF00038A12 /* Build configuration list for PBXNativeTarget "OraCCTests" */;
			buildPhases = (
				82DE1696133352DD9D5C8441 /* [CP] Check Pods Manifest.lock */,
				22CA52231E52A0BF00038A12 /* Sources */,
				22CA52241E52A0BF00038A12 /* Frameworks */,
				22CA52251E52A0BF00038A12 /* Resources */,
				90947ECFB3463569EBE6AEC7 /* [CP] Embed Pods Frameworks */,
				67C4944D73401855950A2939 /* [CP] Copy Pods Resources */,
			);
			buildRules = (
			);
			dependencies = (
				22CA52291E52A0BF00038A12 /* PBXTargetDependency */,
			);
			name = OraCCTests;
			productName = OraCCTests;
			productReference = 22CA52271E52A0BF00038A12 /* OraCCTests.xctest */;
			productType = "com.apple.product-type.bundle.unit-test";
		};
/* End PBXNativeTarget section */

/* Begin PBXProject section */
		22CA520B1E52A0BF00038A12 /* Project object */ = {
			isa = PBXProject;
			attributes = {
				LastSwiftUpdateCheck = 0820;
				LastUpgradeCheck = 0820;
				ORGANIZATIONNAME = "Randel Smith rs@randelsmith.com";
				TargetAttributes = {
					22CA52121E52A0BF00038A12 = {
						CreatedOnToolsVersion = 8.2.1;
						ProvisioningStyle = Automatic;
					};
					22CA52261E52A0BF00038A12 = {
						CreatedOnToolsVersion = 8.2.1;
						LastSwiftMigration = 0820;
						ProvisioningStyle = Automatic;
						TestTargetID = 22CA52121E52A0BF00038A12;
					};
				};
			};
			buildConfigurationList = 22CA520E1E52A0BF00038A12 /* Build configuration list for PBXProject "OraCC" */;
			compatibilityVersion = "Xcode 3.2";
			developmentRegion = English;
			hasScannedForEncodings = 0;
			knownRegions = (
				en,
				Base,
			);
			mainGroup = 22CA520A1E52A0BF00038A12;
			productRefGroup = 22CA52141E52A0BF00038A12 /* Products */;
			projectDirPath = "";
			projectRoot = "";
			targets = (
				22CA52121E52A0BF00038A12 /* OraCC */,
				22CA52261E52A0BF00038A12 /* OraCCTests */,
			);
		};
/* End PBXProject section */

/* Begin PBXResourcesBuildPhase section */
		22CA52111E52A0BF00038A12 /* Resources */ = {
			isa = PBXResourcesBuildPhase;
			buildActionMask = 2147483647;
			files = (
				22CA52211E52A0BF00038A12 /* LaunchScreen.storyboard in Resources */,
				2260A8B81E54C7060083D59E /* Login_Sample_Data.json in Resources */,
				22CA521E1E52A0BF00038A12 /* Assets.xcassets in Resources */,
				22CA521C1E52A0BF00038A12 /* Main.storyboard in Resources */,
				225C11581E5548CC00062B2A /* Register_Sample_Data.json in Resources */,
			);
			runOnlyForDeploymentPostprocessing = 0;
		};
		22CA52251E52A0BF00038A12 /* Resources */ = {
			isa = PBXResourcesBuildPhase;
			buildActionMask = 2147483647;
			files = (
			);
			runOnlyForDeploymentPostprocessing = 0;
		};
/* End PBXResourcesBuildPhase section */

/* Begin PBXShellScriptBuildPhase section */
		22CA52631E53B05200038A12 /* r.swift */ = {
			isa = PBXShellScriptBuildPhase;
			buildActionMask = 2147483647;
			files = (
			);
			inputPaths = (
			);
			name = r.swift;
			outputPaths = (
			);
			runOnlyForDeploymentPostprocessing = 0;
			shellPath = /bin/sh;
			shellScript = "\"$PODS_ROOT/R.swift/rswift\" \"$SRCROOT\"\n";
		};
		2D5FD1E8458EBF2CFF1765DC /* [CP] Copy Pods Resources */ = {
			isa = PBXShellScriptBuildPhase;
			buildActionMask = 2147483647;
			files = (
			);
			inputPaths = (
			);
			name = "[CP] Copy Pods Resources";
			outputPaths = (
			);
			runOnlyForDeploymentPostprocessing = 0;
			shellPath = /bin/sh;
			shellScript = "\"${SRCROOT}/Pods/Target Support Files/Pods-OraCC/Pods-OraCC-resources.sh\"\n";
			showEnvVarsInLog = 0;
		};
		4E17F85046162581C1FCAE27 /* [CP] Check Pods Manifest.lock */ = {
			isa = PBXShellScriptBuildPhase;
			buildActionMask = 2147483647;
			files = (
			);
			inputPaths = (
			);
			name = "[CP] Check Pods Manifest.lock";
			outputPaths = (
			);
			runOnlyForDeploymentPostprocessing = 0;
			shellPath = /bin/sh;
			shellScript = "diff \"${PODS_ROOT}/../Podfile.lock\" \"${PODS_ROOT}/Manifest.lock\" > /dev/null\nif [ $? != 0 ] ; then\n    # print error to STDERR\n    echo \"error: The sandbox is not in sync with the Podfile.lock. Run 'pod install' or update your CocoaPods installation.\" >&2\n    exit 1\nfi\n";
			showEnvVarsInLog = 0;
		};
		67C4944D73401855950A2939 /* [CP] Copy Pods Resources */ = {
			isa = PBXShellScriptBuildPhase;
			buildActionMask = 2147483647;
			files = (
			);
			inputPaths = (
			);
			name = "[CP] Copy Pods Resources";
			outputPaths = (
			);
			runOnlyForDeploymentPostprocessing = 0;
			shellPath = /bin/sh;
			shellScript = "\"${SRCROOT}/Pods/Target Support Files/Pods-OraCCTests/Pods-OraCCTests-resources.sh\"\n";
			showEnvVarsInLog = 0;
		};
		82DE1696133352DD9D5C8441 /* [CP] Check Pods Manifest.lock */ = {
			isa = PBXShellScriptBuildPhase;
			buildActionMask = 2147483647;
			files = (
			);
			inputPaths = (
			);
			name = "[CP] Check Pods Manifest.lock";
			outputPaths = (
			);
			runOnlyForDeploymentPostprocessing = 0;
			shellPath = /bin/sh;
			shellScript = "diff \"${PODS_ROOT}/../Podfile.lock\" \"${PODS_ROOT}/Manifest.lock\" > /dev/null\nif [ $? != 0 ] ; then\n    # print error to STDERR\n    echo \"error: The sandbox is not in sync with the Podfile.lock. Run 'pod install' or update your CocoaPods installation.\" >&2\n    exit 1\nfi\n";
			showEnvVarsInLog = 0;
		};
		90947ECFB3463569EBE6AEC7 /* [CP] Embed Pods Frameworks */ = {
			isa = PBXShellScriptBuildPhase;
			buildActionMask = 2147483647;
			files = (
			);
			inputPaths = (
			);
			name = "[CP] Embed Pods Frameworks";
			outputPaths = (
			);
			runOnlyForDeploymentPostprocessing = 0;
			shellPath = /bin/sh;
			shellScript = "\"${SRCROOT}/Pods/Target Support Files/Pods-OraCCTests/Pods-OraCCTests-frameworks.sh\"\n";
			showEnvVarsInLog = 0;
		};
		924859DDBF58C69BAFE12925 /* [CP] Embed Pods Frameworks */ = {
			isa = PBXShellScriptBuildPhase;
			buildActionMask = 2147483647;
			files = (
			);
			inputPaths = (
			);
			name = "[CP] Embed Pods Frameworks";
			outputPaths = (
			);
			runOnlyForDeploymentPostprocessing = 0;
			shellPath = /bin/sh;
			shellScript = "\"${SRCROOT}/Pods/Target Support Files/Pods-OraCC/Pods-OraCC-frameworks.sh\"\n";
			showEnvVarsInLog = 0;
		};
/* End PBXShellScriptBuildPhase section */

/* Begin PBXSourcesBuildPhase section */
		22CA520F1E52A0BF00038A12 /* Sources */ = {
			isa = PBXSourcesBuildPhase;
			buildActionMask = 2147483647;
			files = (
				2260A8A81E54BA750083D59E /* PasswordValidator.swift in Sources */,
				2260A8A41E54B78E0083D59E /* ValidatorRepresentable.swift in Sources */,
				2260A8A61E54B7D00083D59E /* EmailValidator.swift in Sources */,
				22CA525E1E538B6800038A12 /* SplashViewController.swift in Sources */,
				2260A8AD1E54C30F0083D59E /* LoginViewController.swift in Sources */,
				22CA52601E5393DC00038A12 /* AuthenticationToken.swift in Sources */,
				225C115F1E554BF700062B2A /* RegisterForm.swift in Sources */,
				225C11521E54F03900062B2A /* UIViewControllerExtensions.swift in Sources */,
				22CA52171E52A0BF00038A12 /* AppDelegate.swift in Sources */,
				2260A8B41E54C4280083D59E /* LoginForm.swift in Sources */,
				2260A8B61E54C4E70083D59E /* OraAPI.swift in Sources */,
				22CA52651E53B09700038A12 /* R.generated.swift in Sources */,
				2260A8B01E54C31D0083D59E /* FieldCell.swift in Sources */,
				2260A8AE1E54C30F0083D59E /* LoginViewModel.swift in Sources */,
				225C11651E55549300062B2A /* FormRepresentable.swift in Sources */,
				225C11561E54FECE00062B2A /* Sequence+Exten.swift in Sources */,
				225C11611E554CBD00062B2A /* TextValidator.swift in Sources */,
				2260A8B21E54C4070083D59E /* Field.swift in Sources */,
			);
			runOnlyForDeploymentPostprocessing = 0;
		};
		22CA52231E52A0BF00038A12 /* Sources */ = {
			isa = PBXSourcesBuildPhase;
			buildActionMask = 2147483647;
			files = (
				2260A8AA1E54BA980083D59E /* PasswordValidatorSpec.swift in Sources */,
				2260A8A21E54B58E0083D59E /* EmailValidatorSpec.swift in Sources */,
				22CA52621E53AB2000038A12 /* AuthenticationTokenSpec.swift in Sources */,
				225C11501E54EEEC00062B2A /* LoginViewControllerSpec.swift in Sources */,
				225C11631E554D6400062B2A /* TextValidatorSpec.swift in Sources */,
				225C11541E54FDAC00062B2A /* FormSpec.swift in Sources */,
			);
			runOnlyForDeploymentPostprocessing = 0;
		};
/* End PBXSourcesBuildPhase section */

/* Begin PBXTargetDependency section */
		22CA52291E52A0BF00038A12 /* PBXTargetDependency */ = {
			isa = PBXTargetDependency;
			target = 22CA52121E52A0BF00038A12 /* OraCC */;
			targetProxy = 22CA52281E52A0BF00038A12 /* PBXContainerItemProxy */;
		};
/* End PBXTargetDependency section */

/* Begin PBXVariantGroup section */
		22CA521A1E52A0BF00038A12 /* Main.storyboard */ = {
			isa = PBXVariantGroup;
			children = (
				22CA521B1E52A0BF00038A12 /* Base */,
			);
			name = Main.storyboard;
			sourceTree = "<group>";
		};
		22CA521F1E52A0BF00038A12 /* LaunchScreen.storyboard */ = {
			isa = PBXVariantGroup;
			children = (
				22CA52201E52A0BF00038A12 /* Base */,
			);
			name = LaunchScreen.storyboard;
			sourceTree = "<group>";
		};
/* End PBXVariantGroup section */

/* Begin XCBuildConfiguration section */
		22CA522E1E52A0BF00038A12 /* Debug */ = {
			isa = XCBuildConfiguration;
			buildSettings = {
				ALWAYS_SEARCH_USER_PATHS = NO;
				CLANG_ANALYZER_NONNULL = YES;
				CLANG_CXX_LANGUAGE_STANDARD = "gnu++0x";
				CLANG_CXX_LIBRARY = "libc++";
				CLANG_ENABLE_MODULES = YES;
				CLANG_ENABLE_OBJC_ARC = YES;
				CLANG_WARN_BOOL_CONVERSION = YES;
				CLANG_WARN_CONSTANT_CONVERSION = YES;
				CLANG_WARN_DIRECT_OBJC_ISA_USAGE = YES_ERROR;
				CLANG_WARN_DOCUMENTATION_COMMENTS = YES;
				CLANG_WARN_EMPTY_BODY = YES;
				CLANG_WARN_ENUM_CONVERSION = YES;
				CLANG_WARN_INFINITE_RECURSION = YES;
				CLANG_WARN_INT_CONVERSION = YES;
				CLANG_WARN_OBJC_ROOT_CLASS = YES_ERROR;
				CLANG_WARN_SUSPICIOUS_MOVE = YES;
				CLANG_WARN_UNREACHABLE_CODE = YES;
				CLANG_WARN__DUPLICATE_METHOD_MATCH = YES;
				"CODE_SIGN_IDENTITY[sdk=iphoneos*]" = "iPhone Developer";
				COPY_PHASE_STRIP = NO;
				DEBUG_INFORMATION_FORMAT = dwarf;
				ENABLE_STRICT_OBJC_MSGSEND = YES;
				ENABLE_TESTABILITY = YES;
				GCC_C_LANGUAGE_STANDARD = gnu99;
				GCC_DYNAMIC_NO_PIC = NO;
				GCC_NO_COMMON_BLOCKS = YES;
				GCC_OPTIMIZATION_LEVEL = 0;
				GCC_PREPROCESSOR_DEFINITIONS = (
					"DEBUG=1",
					"$(inherited)",
				);
				GCC_WARN_64_TO_32_BIT_CONVERSION = YES;
				GCC_WARN_ABOUT_RETURN_TYPE = YES_ERROR;
				GCC_WARN_UNDECLARED_SELECTOR = YES;
				GCC_WARN_UNINITIALIZED_AUTOS = YES_AGGRESSIVE;
				GCC_WARN_UNUSED_FUNCTION = YES;
				GCC_WARN_UNUSED_VARIABLE = YES;
				IPHONEOS_DEPLOYMENT_TARGET = 10.2;
				MTL_ENABLE_DEBUG_INFO = YES;
				ONLY_ACTIVE_ARCH = YES;
				SDKROOT = iphoneos;
				SWIFT_ACTIVE_COMPILATION_CONDITIONS = DEBUG;
				SWIFT_OPTIMIZATION_LEVEL = "-Onone";
				TARGETED_DEVICE_FAMILY = "1,2";
			};
			name = Debug;
		};
		22CA522F1E52A0BF00038A12 /* Release */ = {
			isa = XCBuildConfiguration;
			buildSettings = {
				ALWAYS_SEARCH_USER_PATHS = NO;
				CLANG_ANALYZER_NONNULL = YES;
				CLANG_CXX_LANGUAGE_STANDARD = "gnu++0x";
				CLANG_CXX_LIBRARY = "libc++";
				CLANG_ENABLE_MODULES = YES;
				CLANG_ENABLE_OBJC_ARC = YES;
				CLANG_WARN_BOOL_CONVERSION = YES;
				CLANG_WARN_CONSTANT_CONVERSION = YES;
				CLANG_WARN_DIRECT_OBJC_ISA_USAGE = YES_ERROR;
				CLANG_WARN_DOCUMENTATION_COMMENTS = YES;
				CLANG_WARN_EMPTY_BODY = YES;
				CLANG_WARN_ENUM_CONVERSION = YES;
				CLANG_WARN_INFINITE_RECURSION = YES;
				CLANG_WARN_INT_CONVERSION = YES;
				CLANG_WARN_OBJC_ROOT_CLASS = YES_ERROR;
				CLANG_WARN_SUSPICIOUS_MOVE = YES;
				CLANG_WARN_UNREACHABLE_CODE = YES;
				CLANG_WARN__DUPLICATE_METHOD_MATCH = YES;
				"CODE_SIGN_IDENTITY[sdk=iphoneos*]" = "iPhone Developer";
				COPY_PHASE_STRIP = NO;
				DEBUG_INFORMATION_FORMAT = "dwarf-with-dsym";
				ENABLE_NS_ASSERTIONS = NO;
				ENABLE_STRICT_OBJC_MSGSEND = YES;
				GCC_C_LANGUAGE_STANDARD = gnu99;
				GCC_NO_COMMON_BLOCKS = YES;
				GCC_WARN_64_TO_32_BIT_CONVERSION = YES;
				GCC_WARN_ABOUT_RETURN_TYPE = YES_ERROR;
				GCC_WARN_UNDECLARED_SELECTOR = YES;
				GCC_WARN_UNINITIALIZED_AUTOS = YES_AGGRESSIVE;
				GCC_WARN_UNUSED_FUNCTION = YES;
				GCC_WARN_UNUSED_VARIABLE = YES;
				IPHONEOS_DEPLOYMENT_TARGET = 10.2;
				MTL_ENABLE_DEBUG_INFO = NO;
				SDKROOT = iphoneos;
				SWIFT_OPTIMIZATION_LEVEL = "-Owholemodule";
				TARGETED_DEVICE_FAMILY = "1,2";
				VALIDATE_PRODUCT = YES;
			};
			name = Release;
		};
		22CA52311E52A0BF00038A12 /* Debug */ = {
			isa = XCBuildConfiguration;
			baseConfigurationReference = 42BA950D781316503C1DCEFE /* Pods-OraCC.debug.xcconfig */;
			buildSettings = {
				ASSETCATALOG_COMPILER_APPICON_NAME = AppIcon;
				INFOPLIST_FILE = OraCC/Info.plist;
				LD_RUNPATH_SEARCH_PATHS = "$(inherited) @executable_path/Frameworks";
				PRODUCT_BUNDLE_IDENTIFIER = com.Software.OraCC;
				PRODUCT_NAME = "$(TARGET_NAME)";
				SWIFT_VERSION = 3.0;
			};
			name = Debug;
		};
		22CA52321E52A0BF00038A12 /* Release */ = {
			isa = XCBuildConfiguration;
			baseConfigurationReference = 04D5AF771864B6B2E23AE213 /* Pods-OraCC.release.xcconfig */;
			buildSettings = {
				ASSETCATALOG_COMPILER_APPICON_NAME = AppIcon;
				INFOPLIST_FILE = OraCC/Info.plist;
				LD_RUNPATH_SEARCH_PATHS = "$(inherited) @executable_path/Frameworks";
				PRODUCT_BUNDLE_IDENTIFIER = com.Software.OraCC;
				PRODUCT_NAME = "$(TARGET_NAME)";
				SWIFT_VERSION = 3.0;
			};
			name = Release;
		};
		22CA52341E52A0BF00038A12 /* Debug */ = {
			isa = XCBuildConfiguration;
			baseConfigurationReference = C933230ECA6BE5D5522E6621 /* Pods-OraCCTests.debug.xcconfig */;
			buildSettings = {
				ALWAYS_EMBED_SWIFT_STANDARD_LIBRARIES = YES;
				BUNDLE_LOADER = "$(TEST_HOST)";
				CLANG_ENABLE_MODULES = YES;
				INFOPLIST_FILE = OraCCTests/Info.plist;
				LD_RUNPATH_SEARCH_PATHS = "$(inherited) @executable_path/Frameworks @loader_path/Frameworks";
				PRODUCT_BUNDLE_IDENTIFIER = com.Software.OraCCTests;
				PRODUCT_NAME = "$(TARGET_NAME)";
				SWIFT_OPTIMIZATION_LEVEL = "-Onone";
				SWIFT_VERSION = 3.0;
				TEST_HOST = "$(BUILT_PRODUCTS_DIR)/OraCC.app/OraCC";
			};
			name = Debug;
		};
		22CA52351E52A0BF00038A12 /* Release */ = {
			isa = XCBuildConfiguration;
			baseConfigurationReference = 219B83EC6E3CC8DB7BF1FB13 /* Pods-OraCCTests.release.xcconfig */;
			buildSettings = {
				ALWAYS_EMBED_SWIFT_STANDARD_LIBRARIES = YES;
				BUNDLE_LOADER = "$(TEST_HOST)";
				CLANG_ENABLE_MODULES = YES;
				INFOPLIST_FILE = OraCCTests/Info.plist;
				LD_RUNPATH_SEARCH_PATHS = "$(inherited) @executable_path/Frameworks @loader_path/Frameworks";
				PRODUCT_BUNDLE_IDENTIFIER = com.Software.OraCCTests;
				PRODUCT_NAME = "$(TARGET_NAME)";
				SWIFT_VERSION = 3.0;
				TEST_HOST = "$(BUILT_PRODUCTS_DIR)/OraCC.app/OraCC";
			};
			name = Release;
		};
/* End XCBuildConfiguration section */

/* Begin XCConfigurationList section */
		22CA520E1E52A0BF00038A12 /* Build configuration list for PBXProject "OraCC" */ = {
			isa = XCConfigurationList;
			buildConfigurations = (
				22CA522E1E52A0BF00038A12 /* Debug */,
				22CA522F1E52A0BF00038A12 /* Release */,
			);
			defaultConfigurationIsVisible = 0;
			defaultConfigurationName = Release;
		};
		22CA52301E52A0BF00038A12 /* Build configuration list for PBXNativeTarget "OraCC" */ = {
			isa = XCConfigurationList;
			buildConfigurations = (
				22CA52311E52A0BF00038A12 /* Debug */,
				22CA52321E52A0BF00038A12 /* Release */,
			);
			defaultConfigurationIsVisible = 0;
			defaultConfigurationName = Release;
		};
		22CA52331E52A0BF00038A12 /* Build configuration list for PBXNativeTarget "OraCCTests" */ = {
			isa = XCConfigurationList;
			buildConfigurations = (
				22CA52341E52A0BF00038A12 /* Debug */,
				22CA52351E52A0BF00038A12 /* Release */,
			);
			defaultConfigurationIsVisible = 0;
			defaultConfigurationName = Release;
		};
/* End XCConfigurationList section */
	};
	rootObject = 22CA520B1E52A0BF00038A12 /* Project object */;
}
